
Microsoft Visual Studio Solution File, Format Version 12.00
# Visual Studio Version 17
VisualStudioVersion = 17.12.35707.178 d17.12
MinimumVisualStudioVersion = 10.0.40219.1
Project("{FAE04EC0-301F-11D3-BF4B-00C04F79EFBC}") = "EventSourcing", "EventSourcing\EventSourcing.csproj", "{A66C5A7C-68AF-432A-BAB7-D37E6FEC37CF}"
EndProject
Global
	GlobalSection(SolutionConfigurationPlatforms) = preSolution
		Debug|Any CPU = Debug|Any CPU
		Release|Any CPU = Release|Any CPU
	EndGlobalSection
	GlobalSection(ProjectConfigurationPlatforms) = postSolution
		{A66C5A7C-68AF-432A-BAB7-D37E6FEC37CF}.Debug|Any CPU.ActiveCfg = Debug|Any CPU
		{A66C5A7C-68AF-432A-BAB7-D37E6FEC37CF}.Debug|Any CPU.Build.0 = Debug|Any CPU
		{A66C5A7C-68AF-432A-BAB7-D37E6FEC37CF}.Release|Any CPU.ActiveCfg = Release|Any CPU
		{A66C5A7C-68AF-432A-BAB7-D37E6FEC37CF}.Release|Any CPU.Build.0 = Release|Any CPU
	EndGlobalSection
	GlobalSection(SolutionProperties) = preSolution
		HideSolutionNode = FALSE
	EndGlobalSection
EndGlobal
